{
  "name": "vue-loader",
  "version": "13.7.3",
  "lockfileVersion": 1,
  "requires": true,
  "dependencies": {
    "argparse": {
      "version": "1.0.10",
      "resolved": "https://registry.npmjs.org/argparse/-/argparse-1.0.10.tgz",
      "integrity": "sha512-o5Roy6tNG4SL/FOkCAN6RzjiakZS25RLYFrcMttJqbdd8BWrnA+fGz57iN5Pb06pvBGvl5gQ0B48dJlslXvoTg==",
      "requires": {
        "sprintf-js": "~1.0.2"
      }
    },
    "cosmiconfig": {
      "version": "2.2.2",
      "resolved": "https://registry.npmjs.org/cosmiconfig/-/cosmiconfig-2.2.2.tgz",
      "integrity": "sha512-GiNXLwAFPYHy25XmTPpafYvn3CLAkJ8FLsscq78MQd1Kh0OU6Yzhn4eV2MVF4G9WEQZoWEGltatdR+ntGPMl5A==",
      "requires": {
        "is-directory": "^0.3.1",
        "js-yaml": "^3.4.3",
        "minimist": "^1.2.0",
        "object-assign": "^4.1.0",
        "os-homedir": "^1.0.1",
        "parse-json": "^2.2.0",
        "require-from-string": "^1.1.0"
      }
    },
    "error-ex": {
      "version": "1.3.2",
      "resolved": "https://registry.npmjs.org/error-ex/-/error-ex-1.3.2.tgz",
      "integrity": "sha512-7dFHNmqeFSEt2ZBsCriorKnn3Z2pj+fd9kmI6QoWw4//DL+icEBfc0U7qJCisqrTsKTjw4fNFy2pW9OqStD84g==",
      "requires": {
        "is-arrayish": "^0.2.1"
      }
    },
    "esprima": {
      "version": "4.0.1",
      "resolved": "https://registry.npmjs.org/esprima/-/esprima-4.0.1.tgz",
      "integrity": "sha512-eGuFFw7Upda+g4p+QHvnW0RyTX/SVeJBDM/gCtMARO0cLuT2HcEKnTPvhjV6aGeqrCB/sbNop0Kszm0jsaWU4A=="
    },
    "is-arrayish": {
      "version": "0.2.1",
      "resolved": "https://registry.npmjs.org/is-arrayish/-/is-arrayish-0.2.1.tgz",
      "integrity": "sha1-d8mYQFJ6qOyxqLppe4BkWnqSap0="
    },
    "is-directory": {
      "version": "0.3.1",
      "resolved": "https://registry.npmjs.org/is-directory/-/is-directory-0.3.1.tgz",
      "integrity": "sha1-YTObbyR1/Hcv2cnYP1yFddwVSuE="
    },
    "js-yaml": {
      "version": "3.13.1",
      "resolved": "https://registry.npmjs.org/js-yaml/-/js-yaml-3.13.1.tgz",
      "integrity": "sha512-YfbcO7jXDdyj0DGxYVSlSeQNHbD7XPWvrVWeVUujrQEoZzWJIRrCPoyk6kL6IAjAG2IolMK4T0hNUe0HOUs5Jw==",
      "requires": {
        "argparse": "^1.0.7",
        "esprima": "^4.0.0"
      }
    },
    "minimist": {
      "version": "1.2.5",
      "resolved": "https://registry.npmjs.org/minimist/-/minimist-1.2.5.tgz",
      "integrity": "sha512-FM9nNUYrRBAELZQT3xeZQ7fmMOBg6nWNmJKTcgsJeaLstP/UODVpGsr5OhXhhXg6f+qtJ8uiZ+PUxkDWcgIXLw=="
    },
    "object-assign": {
      "version": "4.1.1",
      "resolved": "https://registry.npmjs.org/object-assign/-/object-assign-4.1.1.tgz",
      "integrity": "sha1-IQmtx5ZYh8/AXLvUQsrIv7s2CGM="
    },
    "os-homedir": {
      "version": "1.0.2",
      "resolved": "https://registry.npmjs.org/os-homedir/-/os-homedir-1.0.2.tgz",
      "integrity": "sha1-/7xJiDNuDoM94MFox+8VISGqf7M="
    },
    "parse-json": {
      "version": "2.2.0",
      "resolved": "https://registry.npmjs.org/parse-json/-/parse-json-2.2.0.tgz",
      "integrity": "sha1-9ID0BDTvgHQfhGkJn43qGPVaTck=",
      "requires": {
        "error-ex": "^1.2.0"
      }
    },
    "postcss-load-config": {
      "version": "1.2.0",
      "resolved": "https://registry.npmjs.org/postcss-load-config/-/postcss-load-config-1.2.0.tgz",
      "integrity": "sha1-U56a/J3chiASHr+djDZz4M5Q0oo=",
      "requires": {
        "cosmiconfig": "^2.1.0",
        "object-assign": "^4.1.0",
        "postcss-load-options": "^1.2.0",
        "postcss-load-plugins": "^2.3.0"
      }
    },
    "postcss-load-options": {
      "version": "1.2.0",
      "resolved": "https://registry.npmjs.org/postcss-load-options/-/postcss-load-options-1.2.0.tgz",
      "integrity": "sha1-sJixVZ3awt8EvAuzdfmaXP4rbYw=",
      "requires": {
        "cosmiconfig": "^2.1.0",
        "object-assign": "^4.1.0"
      }
    },
    "postcss-load-plugins": {
      "version": "2.3.0",
      "resolved": "https://registry.npmjs.org/postcss-load-plugins/-/postcss-load-plugins-2.3.0.tgz",
      "integrity": "sha1-dFdoEWWZrKLwCfrUJrABdQSdjZI=",
      "requires": {
        "cosmiconfig": "^2.1.1",
        "object-assign": "^4.1.0"
      }
    },
    "require-from-string": {
      "version": "1.2.1",
      "resolved": "https://registry.npmjs.org/require-from-string/-/require-from-string-1.2.1.tgz",
      "integrity": "sha1-UpyczvJzgK3+yaL5ZbZJu+5jZBg="
    },
    "sprintf-js": {
      "version": "1.0.3",
      "resolved": "https://registry.npmjs.org/sprintf-js/-/sprintf-js-1.0.3.tgz",
      "integrity": "sha1-BOaSb2YolTVPPdAVIDYzuFcpfiw="
    },
    "webpack-vue-theme": {
      "version": "1.0.0",
      "resolved": "https://registry.npmjs.org/webpack-vue-theme/-/webpack-vue-theme-1.0.0.tgz",
      "integrity": "sha512-XqjfWMQp8EtCxh6wQY2nh0eT87KNMdHp9dRfyjmfV+bS8xNN61nWgUIGJ/OTZ8t1W1uNZ7Dm13K5KbZneQZB6Q=="
    }
  }
}
